// !$*UTF8*$!
{
	archiveVersion = 1;
	classes = {
	};
	objectVersion = 46;
	objects = {

/* Begin PBXBuildFile section */
		7089C49C1401986F00055124 /* Cocoa.framework in Frameworks */ = {isa = PBXBuildFile; fileRef = 7089C49B1401986F00055124 /* Cocoa.framework */; };
		7089C4A61401986F00055124 /* InfoPlist.strings in Resources */ = {isa = PBXBuildFile; fileRef = 7089C4A41401986F00055124 /* InfoPlist.strings */; };
		7089C4A81401986F00055124 /* main.m in Sources */ = {isa = PBXBuildFile; fileRef = 7089C4A71401986F00055124 /* main.m */; };
		7089C4AC1401986F00055124 /* Credits.rtf in Resources */ = {isa = PBXBuildFile; fileRef = 7089C4AA1401986F00055124 /* Credits.rtf */; };
		7089C4AF1401986F00055124 /* CampfireStreamingAppDelegate.m in Sources */ = {isa = PBXBuildFile; fileRef = 7089C4AE1401986F00055124 /* CampfireStreamingAppDelegate.m */; };
		7089C4B21401986F00055124 /* MainMenu.xib in Resources */ = {isa = PBXBuildFile; fileRef = 7089C4B01401986F00055124 /* MainMenu.xib */; };
		7089C4BA1401986F00055124 /* SenTestingKit.framework in Frameworks */ = {isa = PBXBuildFile; fileRef = 7089C4B91401986F00055124 /* SenTestingKit.framework */; };
		7089C4BB1401986F00055124 /* Cocoa.framework in Frameworks */ = {isa = PBXBuildFile; fileRef = 7089C49B1401986F00055124 /* Cocoa.framework */; };
		7089C4C31401986F00055124 /* InfoPlist.strings in Resources */ = {isa = PBXBuildFile; fileRef = 7089C4C11401986F00055124 /* InfoPlist.strings */; };
		7089C4C51401986F00055124 /* CampfireStreamingTests.h in Resources */ = {isa = PBXBuildFile; fileRef = 7089C4C41401986F00055124 /* CampfireStreamingTests.h */; };
		7089C4C71401986F00055124 /* CampfireStreamingTests.m in Sources */ = {isa = PBXBuildFile; fileRef = 7089C4C61401986F00055124 /* CampfireStreamingTests.m */; };
		7089C4EF14019A3E00055124 /* ASIDataCompressor.m in Sources */ = {isa = PBXBuildFile; fileRef = 7089C4DE14019A3E00055124 /* ASIDataCompressor.m */; };
		7089C4F014019A3E00055124 /* ASIDataDecompressor.m in Sources */ = {isa = PBXBuildFile; fileRef = 7089C4E014019A3E00055124 /* ASIDataDecompressor.m */; };
		7089C4F114019A3E00055124 /* ASIDownloadCache.m in Sources */ = {isa = PBXBuildFile; fileRef = 7089C4E214019A3E00055124 /* ASIDownloadCache.m */; };
		7089C4F214019A3E00055124 /* ASIFormDataRequest.m in Sources */ = {isa = PBXBuildFile; fileRef = 7089C4E414019A3E00055124 /* ASIFormDataRequest.m */; };
		7089C4F314019A3E00055124 /* ASIHTTPRequest.m in Sources */ = {isa = PBXBuildFile; fileRef = 7089C4E614019A3E00055124 /* ASIHTTPRequest.m */; };
		7089C4F414019A3E00055124 /* ASIInputStream.m in Sources */ = {isa = PBXBuildFile; fileRef = 7089C4EA14019A3E00055124 /* ASIInputStream.m */; };
		7089C4F514019A3E00055124 /* ASINetworkQueue.m in Sources */ = {isa = PBXBuildFile; fileRef = 7089C4EC14019A3E00055124 /* ASINetworkQueue.m */; };
		7089C4F714019A8C00055124 /* SystemConfiguration.framework in Frameworks */ = {isa = PBXBuildFile; fileRef = 7089C4F614019A8C00055124 /* SystemConfiguration.framework */; };
		7089C4F914019A9600055124 /* libz.dylib in Frameworks */ = {isa = PBXBuildFile; fileRef = 7089C4F814019A9600055124 /* libz.dylib */; };
		7089C4FB14019AA000055124 /* CoreServices.framework in Frameworks */ = {isa = PBXBuildFile; fileRef = 7089C4FA14019AA000055124 /* CoreServices.framework */; };
		7089C5051401EB9300055124 /* HCRoom.m in Sources */ = {isa = PBXBuildFile; fileRef = 7089C5001401EB9300055124 /* HCRoom.m */; };
		7089C5061401EB9400055124 /* HCMessage.m in Sources */ = {isa = PBXBuildFile; fileRef = 7089C5021401EB9300055124 /* HCMessage.m */; };
		7089C5071401EB9400055124 /* HCUser.m in Sources */ = {isa = PBXBuildFile; fileRef = 7089C5041401EB9300055124 /* HCUser.m */; };
		7089C51D1401EF9300055124 /* NSObject+SBJSON.m in Sources */ = {isa = PBXBuildFile; fileRef = 7089C5121401EF9300055124 /* NSObject+SBJSON.m */; };
		7089C51E1401EF9300055124 /* NSString+SBJSON.m in Sources */ = {isa = PBXBuildFile; fileRef = 7089C5141401EF9300055124 /* NSString+SBJSON.m */; };
		7089C51F1401EF9300055124 /* SBJSON.m in Sources */ = {isa = PBXBuildFile; fileRef = 7089C5161401EF9300055124 /* SBJSON.m */; };
		7089C5201401EF9300055124 /* SBJsonBase.m in Sources */ = {isa = PBXBuildFile; fileRef = 7089C5181401EF9300055124 /* SBJsonBase.m */; };
		7089C5211401EF9300055124 /* SBJsonParser.m in Sources */ = {isa = PBXBuildFile; fileRef = 7089C51A1401EF9300055124 /* SBJsonParser.m */; };
		7089C5221401EF9300055124 /* SBJsonWriter.m in Sources */ = {isa = PBXBuildFile; fileRef = 7089C51C1401EF9300055124 /* SBJsonWriter.m */; };
		7089C56D1407300700055124 /* UploadFile.m in Sources */ = {isa = PBXBuildFile; fileRef = 7089C56C1407300700055124 /* UploadFile.m */; };
		7094E3D414185961002A09C5 /* Cocoa.framework in Frameworks */ = {isa = PBXBuildFile; fileRef = 7089C49B1401986F00055124 /* Cocoa.framework */; };
		7094E3DA14185961002A09C5 /* InfoPlist.strings in Resources */ = {isa = PBXBuildFile; fileRef = 7094E3D814185961002A09C5 /* InfoPlist.strings */; };
		7094E3E3141859B5002A09C5 /* NSObject+SBJSON.m in Sources */ = {isa = PBXBuildFile; fileRef = 7089C5121401EF9300055124 /* NSObject+SBJSON.m */; };
		7094E3E4141859B5002A09C5 /* NSString+SBJSON.m in Sources */ = {isa = PBXBuildFile; fileRef = 7089C5141401EF9300055124 /* NSString+SBJSON.m */; };
		7094E3E5141859B5002A09C5 /* SBJSON.m in Sources */ = {isa = PBXBuildFile; fileRef = 7089C5161401EF9300055124 /* SBJSON.m */; };
		7094E3E6141859B5002A09C5 /* SBJsonBase.m in Sources */ = {isa = PBXBuildFile; fileRef = 7089C5181401EF9300055124 /* SBJsonBase.m */; };
		7094E3E7141859B5002A09C5 /* SBJsonParser.m in Sources */ = {isa = PBXBuildFile; fileRef = 7089C51A1401EF9300055124 /* SBJsonParser.m */; };
		7094E3E8141859B5002A09C5 /* SBJsonWriter.m in Sources */ = {isa = PBXBuildFile; fileRef = 7089C51C1401EF9300055124 /* SBJsonWriter.m */; };
		7094E3E9141859B5002A09C5 /* HCRoom.m in Sources */ = {isa = PBXBuildFile; fileRef = 7089C5001401EB9300055124 /* HCRoom.m */; };
		7094E3EA141859B5002A09C5 /* HCMessage.m in Sources */ = {isa = PBXBuildFile; fileRef = 7089C5021401EB9300055124 /* HCMessage.m */; };
		7094E3EB141859B5002A09C5 /* HCUser.m in Sources */ = {isa = PBXBuildFile; fileRef = 7089C5041401EB9300055124 /* HCUser.m */; };
		7094E3EC141859B5002A09C5 /* ASIDataCompressor.m in Sources */ = {isa = PBXBuildFile; fileRef = 7089C4DE14019A3E00055124 /* ASIDataCompressor.m */; };
		7094E3ED141859B5002A09C5 /* ASIDataDecompressor.m in Sources */ = {isa = PBXBuildFile; fileRef = 7089C4E014019A3E00055124 /* ASIDataDecompressor.m */; };
		7094E3EE141859B5002A09C5 /* ASIDownloadCache.m in Sources */ = {isa = PBXBuildFile; fileRef = 7089C4E214019A3E00055124 /* ASIDownloadCache.m */; };
		7094E3EF141859B5002A09C5 /* ASIFormDataRequest.m in Sources */ = {isa = PBXBuildFile; fileRef = 7089C4E414019A3E00055124 /* ASIFormDataRequest.m */; };
		7094E3F0141859B5002A09C5 /* ASIHTTPRequest.m in Sources */ = {isa = PBXBuildFile; fileRef = 7089C4E614019A3E00055124 /* ASIHTTPRequest.m */; };
		7094E3F1141859B5002A09C5 /* ASIInputStream.m in Sources */ = {isa = PBXBuildFile; fileRef = 7089C4EA14019A3E00055124 /* ASIInputStream.m */; };
		7094E3F2141859B5002A09C5 /* ASINetworkQueue.m in Sources */ = {isa = PBXBuildFile; fileRef = 7089C4EC14019A3E00055124 /* ASINetworkQueue.m */; };
		7094E3F4141859B5002A09C5 /* UploadFile.m in Sources */ = {isa = PBXBuildFile; fileRef = 7089C56C1407300700055124 /* UploadFile.m */; };
		7094E3F6141859E0002A09C5 /* libz.dylib in Frameworks */ = {isa = PBXBuildFile; fileRef = 7094E3F5141859E0002A09C5 /* libz.dylib */; };
		7094E3F8141859E6002A09C5 /* CoreServices.framework in Frameworks */ = {isa = PBXBuildFile; fileRef = 7094E3F7141859E6002A09C5 /* CoreServices.framework */; };
		7094E3FA14185A07002A09C5 /* SystemConfiguration.framework in Frameworks */ = {isa = PBXBuildFile; fileRef = 7094E3F914185A07002A09C5 /* SystemConfiguration.framework */; };
		7094E42E14185DBA002A09C5 /* HCRoom.h in Headers */ = {isa = PBXBuildFile; fileRef = 7089C4FF1401EB9300055124 /* HCRoom.h */; settings = {ATTRIBUTES = (Public, ); }; };
		7094E42F14185DBA002A09C5 /* HCMessage.h in Headers */ = {isa = PBXBuildFile; fileRef = 7089C5011401EB9300055124 /* HCMessage.h */; settings = {ATTRIBUTES = (Public, ); }; };
		7094E43014185DBA002A09C5 /* HCUser.h in Headers */ = {isa = PBXBuildFile; fileRef = 7089C5031401EB9300055124 /* HCUser.h */; settings = {ATTRIBUTES = (Public, ); }; };
		7094E43114185DBA002A09C5 /* HappyCampfire.h in Headers */ = {isa = PBXBuildFile; fileRef = 7089C4FC1401EB3800055124 /* HappyCampfire.h */; settings = {ATTRIBUTES = (Public, ); }; };
		7094E43214185DBA002A09C5 /* UploadFile.h in Headers */ = {isa = PBXBuildFile; fileRef = 7089C56B1407300600055124 /* UploadFile.h */; settings = {ATTRIBUTES = (Public, ); }; };
		7094E43614186101002A09C5 /* ASIHTTPRequestDelegate.h in Headers */ = {isa = PBXBuildFile; fileRef = 7089C4E814019A3E00055124 /* ASIHTTPRequestDelegate.h */; settings = {ATTRIBUTES = (Public, ); }; };
		70EE0C9E141D7E0D0005CBBC /* HappyCampfire.m in Sources */ = {isa = PBXBuildFile; fileRef = 70EE0C9D141D7E0D0005CBBC /* HappyCampfire.m */; };
/* End PBXBuildFile section */

/* Begin PBXContainerItemProxy section */
		7089C4BC1401986F00055124 /* PBXContainerItemProxy */ = {
			isa = PBXContainerItemProxy;
			containerPortal = 7089C48E1401986F00055124 /* Project object */;
			proxyType = 1;
			remoteGlobalIDString = 7089C4961401986F00055124;
			remoteInfo = CampfireStreaming;
		};
/* End PBXContainerItemProxy section */

/* Begin PBXFileReference section */
		7089C4971401986F00055124 /* CampfireStreaming.app */ = {isa = PBXFileReference; explicitFileType = wrapper.application; includeInIndex = 0; path = CampfireStreaming.app; sourceTree = BUILT_PRODUCTS_DIR; };
		7089C49B1401986F00055124 /* Cocoa.framework */ = {isa = PBXFileReference; lastKnownFileType = wrapper.framework; name = Cocoa.framework; path = System/Library/Frameworks/Cocoa.framework; sourceTree = SDKROOT; };
		7089C49E1401986F00055124 /* AppKit.framework */ = {isa = PBXFileReference; lastKnownFileType = wrapper.framework; name = AppKit.framework; path = System/Library/Frameworks/AppKit.framework; sourceTree = SDKROOT; };
		7089C49F1401986F00055124 /* CoreData.framework */ = {isa = PBXFileReference; lastKnownFileType = wrapper.framework; name = CoreData.framework; path = System/Library/Frameworks/CoreData.framework; sourceTree = SDKROOT; };
		7089C4A01401986F00055124 /* Foundation.framework */ = {isa = PBXFileReference; lastKnownFileType = wrapper.framework; name = Foundation.framework; path = System/Library/Frameworks/Foundation.framework; sourceTree = SDKROOT; };
		7089C4A31401986F00055124 /* CampfireStreaming-Info.plist */ = {isa = PBXFileReference; lastKnownFileType = text.plist.xml; path = "CampfireStreaming-Info.plist"; sourceTree = "<group>"; };
		7089C4A51401986F00055124 /* en */ = {isa = PBXFileReference; lastKnownFileType = text.plist.strings; name = en; path = en.lproj/InfoPlist.strings; sourceTree = "<group>"; };
		7089C4A71401986F00055124 /* main.m */ = {isa = PBXFileReference; lastKnownFileType = sourcecode.c.objc; path = main.m; sourceTree = "<group>"; };
		7089C4A91401986F00055124 /* CampfireStreaming-Prefix.pch */ = {isa = PBXFileReference; lastKnownFileType = sourcecode.c.h; path = "CampfireStreaming-Prefix.pch"; sourceTree = "<group>"; };
		7089C4AB1401986F00055124 /* en */ = {isa = PBXFileReference; lastKnownFileType = text.rtf; name = en; path = en.lproj/Credits.rtf; sourceTree = "<group>"; };
		7089C4AD1401986F00055124 /* CampfireStreamingAppDelegate.h */ = {isa = PBXFileReference; lastKnownFileType = sourcecode.c.h; path = CampfireStreamingAppDelegate.h; sourceTree = "<group>"; };
		7089C4AE1401986F00055124 /* CampfireStreamingAppDelegate.m */ = {isa = PBXFileReference; lastKnownFileType = sourcecode.c.objc; path = CampfireStreamingAppDelegate.m; sourceTree = "<group>"; };
		7089C4B11401986F00055124 /* en */ = {isa = PBXFileReference; lastKnownFileType = file.xib; name = en; path = en.lproj/MainMenu.xib; sourceTree = "<group>"; };
		7089C4B81401986F00055124 /* CampfireStreamingTests.octest */ = {isa = PBXFileReference; explicitFileType = wrapper.cfbundle; includeInIndex = 0; path = CampfireStreamingTests.octest; sourceTree = BUILT_PRODUCTS_DIR; };
		7089C4B91401986F00055124 /* SenTestingKit.framework */ = {isa = PBXFileReference; lastKnownFileType = wrapper.framework; name = SenTestingKit.framework; path = Library/Frameworks/SenTestingKit.framework; sourceTree = DEVELOPER_DIR; };
		7089C4C01401986F00055124 /* CampfireStreamingTests-Info.plist */ = {isa = PBXFileReference; lastKnownFileType = text.plist.xml; path = "CampfireStreamingTests-Info.plist"; sourceTree = "<group>"; };
		7089C4C21401986F00055124 /* en */ = {isa = PBXFileReference; lastKnownFileType = text.plist.strings; name = en; path = en.lproj/InfoPlist.strings; sourceTree = "<group>"; };
		7089C4C41401986F00055124 /* CampfireStreamingTests.h */ = {isa = PBXFileReference; lastKnownFileType = sourcecode.c.h; path = CampfireStreamingTests.h; sourceTree = "<group>"; };
		7089C4C61401986F00055124 /* CampfireStreamingTests.m */ = {isa = PBXFileReference; lastKnownFileType = sourcecode.c.objc; path = CampfireStreamingTests.m; sourceTree = "<group>"; };
		7089C4DA14019A3E00055124 /* ASIAuthenticationDialog.h */ = {isa = PBXFileReference; fileEncoding = 4; lastKnownFileType = sourcecode.c.h; path = ASIAuthenticationDialog.h; sourceTree = "<group>"; };
		7089C4DB14019A3E00055124 /* ASIAuthenticationDialog.m */ = {isa = PBXFileReference; fileEncoding = 4; lastKnownFileType = sourcecode.c.objc; path = ASIAuthenticationDialog.m; sourceTree = "<group>"; };
		7089C4DC14019A3E00055124 /* ASICacheDelegate.h */ = {isa = PBXFileReference; fileEncoding = 4; lastKnownFileType = sourcecode.c.h; path = ASICacheDelegate.h; sourceTree = "<group>"; };
		7089C4DD14019A3E00055124 /* ASIDataCompressor.h */ = {isa = PBXFileReference; fileEncoding = 4; lastKnownFileType = sourcecode.c.h; path = ASIDataCompressor.h; sourceTree = "<group>"; };
		7089C4DE14019A3E00055124 /* ASIDataCompressor.m */ = {isa = PBXFileReference; fileEncoding = 4; lastKnownFileType = sourcecode.c.objc; path = ASIDataCompressor.m; sourceTree = "<group>"; };
		7089C4DF14019A3E00055124 /* ASIDataDecompressor.h */ = {isa = PBXFileReference; fileEncoding = 4; lastKnownFileType = sourcecode.c.h; path = ASIDataDecompressor.h; sourceTree = "<group>"; };
		7089C4E014019A3E00055124 /* ASIDataDecompressor.m */ = {isa = PBXFileReference; fileEncoding = 4; lastKnownFileType = sourcecode.c.objc; path = ASIDataDecompressor.m; sourceTree = "<group>"; };
		7089C4E114019A3E00055124 /* ASIDownloadCache.h */ = {isa = PBXFileReference; fileEncoding = 4; lastKnownFileType = sourcecode.c.h; path = ASIDownloadCache.h; sourceTree = "<group>"; };
		7089C4E214019A3E00055124 /* ASIDownloadCache.m */ = {isa = PBXFileReference; fileEncoding = 4; lastKnownFileType = sourcecode.c.objc; path = ASIDownloadCache.m; sourceTree = "<group>"; };
		7089C4E314019A3E00055124 /* ASIFormDataRequest.h */ = {isa = PBXFileReference; fileEncoding = 4; lastKnownFileType = sourcecode.c.h; path = ASIFormDataRequest.h; sourceTree = "<group>"; };
		7089C4E414019A3E00055124 /* ASIFormDataRequest.m */ = {isa = PBXFileReference; fileEncoding = 4; lastKnownFileType = sourcecode.c.objc; path = ASIFormDataRequest.m; sourceTree = "<group>"; };
		7089C4E514019A3E00055124 /* ASIHTTPRequest.h */ = {isa = PBXFileReference; fileEncoding = 4; lastKnownFileType = sourcecode.c.h; path = ASIHTTPRequest.h; sourceTree = "<group>"; };
		7089C4E614019A3E00055124 /* ASIHTTPRequest.m */ = {isa = PBXFileReference; fileEncoding = 4; lastKnownFileType = sourcecode.c.objc; path = ASIHTTPRequest.m; sourceTree = "<group>"; };
		7089C4E714019A3E00055124 /* ASIHTTPRequestConfig.h */ = {isa = PBXFileReference; fileEncoding = 4; lastKnownFileType = sourcecode.c.h; path = ASIHTTPRequestConfig.h; sourceTree = "<group>"; };
		7089C4E814019A3E00055124 /* ASIHTTPRequestDelegate.h */ = {isa = PBXFileReference; fileEncoding = 4; lastKnownFileType = sourcecode.c.h; path = ASIHTTPRequestDelegate.h; sourceTree = "<group>"; };
		7089C4E914019A3E00055124 /* ASIInputStream.h */ = {isa = PBXFileReference; fileEncoding = 4; lastKnownFileType = sourcecode.c.h; path = ASIInputStream.h; sourceTree = "<group>"; };
		7089C4EA14019A3E00055124 /* ASIInputStream.m */ = {isa = PBXFileReference; fileEncoding = 4; lastKnownFileType = sourcecode.c.objc; path = ASIInputStream.m; sourceTree = "<group>"; };
		7089C4EB14019A3E00055124 /* ASINetworkQueue.h */ = {isa = PBXFileReference; fileEncoding = 4; lastKnownFileType = sourcecode.c.h; path = ASINetworkQueue.h; sourceTree = "<group>"; };
		7089C4EC14019A3E00055124 /* ASINetworkQueue.m */ = {isa = PBXFileReference; fileEncoding = 4; lastKnownFileType = sourcecode.c.objc; path = ASINetworkQueue.m; sourceTree = "<group>"; };
		7089C4ED14019A3E00055124 /* ASIProgressDelegate.h */ = {isa = PBXFileReference; fileEncoding = 4; lastKnownFileType = sourcecode.c.h; path = ASIProgressDelegate.h; sourceTree = "<group>"; };
		7089C4F614019A8C00055124 /* SystemConfiguration.framework */ = {isa = PBXFileReference; lastKnownFileType = wrapper.framework; name = SystemConfiguration.framework; path = System/Library/Frameworks/SystemConfiguration.framework; sourceTree = SDKROOT; };
		7089C4F814019A9600055124 /* libz.dylib */ = {isa = PBXFileReference; lastKnownFileType = "compiled.mach-o.dylib"; name = libz.dylib; path = usr/lib/libz.dylib; sourceTree = SDKROOT; };
		7089C4FA14019AA000055124 /* CoreServices.framework */ = {isa = PBXFileReference; lastKnownFileType = wrapper.framework; name = CoreServices.framework; path = System/Library/Frameworks/CoreServices.framework; sourceTree = SDKROOT; };
		7089C4FC1401EB3800055124 /* HappyCampfire.h */ = {isa = PBXFileReference; fileEncoding = 4; lastKnownFileType = sourcecode.c.h; path = HappyCampfire.h; sourceTree = "<group>"; };
		7089C4FF1401EB9300055124 /* HCRoom.h */ = {isa = PBXFileReference; fileEncoding = 4; lastKnownFileType = sourcecode.c.h; path = HCRoom.h; sourceTree = "<group>"; };
		7089C5001401EB9300055124 /* HCRoom.m */ = {isa = PBXFileReference; fileEncoding = 4; lastKnownFileType = sourcecode.c.objc; path = HCRoom.m; sourceTree = "<group>"; };
		7089C5011401EB9300055124 /* HCMessage.h */ = {isa = PBXFileReference; fileEncoding = 4; lastKnownFileType = sourcecode.c.h; path = HCMessage.h; sourceTree = "<group>"; };
		7089C5021401EB9300055124 /* HCMessage.m */ = {isa = PBXFileReference; fileEncoding = 4; lastKnownFileType = sourcecode.c.objc; path = HCMessage.m; sourceTree = "<group>"; };
		7089C5031401EB9300055124 /* HCUser.h */ = {isa = PBXFileReference; fileEncoding = 4; lastKnownFileType = sourcecode.c.h; path = HCUser.h; sourceTree = "<group>"; };
		7089C5041401EB9300055124 /* HCUser.m */ = {isa = PBXFileReference; fileEncoding = 4; lastKnownFileType = sourcecode.c.objc; path = HCUser.m; sourceTree = "<group>"; };
		7089C5101401EF9300055124 /* JSON.h */ = {isa = PBXFileReference; fileEncoding = 4; lastKnownFileType = sourcecode.c.h; path = JSON.h; sourceTree = "<group>"; };
		7089C5111401EF9300055124 /* NSObject+SBJSON.h */ = {isa = PBXFileReference; fileEncoding = 4; lastKnownFileType = sourcecode.c.h; path = "NSObject+SBJSON.h"; sourceTree = "<group>"; };
		7089C5121401EF9300055124 /* NSObject+SBJSON.m */ = {isa = PBXFileReference; fileEncoding = 4; lastKnownFileType = sourcecode.c.objc; path = "NSObject+SBJSON.m"; sourceTree = "<group>"; };
		7089C5131401EF9300055124 /* NSString+SBJSON.h */ = {isa = PBXFileReference; fileEncoding = 4; lastKnownFileType = sourcecode.c.h; path = "NSString+SBJSON.h"; sourceTree = "<group>"; };
		7089C5141401EF9300055124 /* NSString+SBJSON.m */ = {isa = PBXFileReference; fileEncoding = 4; lastKnownFileType = sourcecode.c.objc; path = "NSString+SBJSON.m"; sourceTree = "<group>"; };
		7089C5151401EF9300055124 /* SBJSON.h */ = {isa = PBXFileReference; fileEncoding = 4; lastKnownFileType = sourcecode.c.h; path = SBJSON.h; sourceTree = "<group>"; };
		7089C5161401EF9300055124 /* SBJSON.m */ = {isa = PBXFileReference; fileEncoding = 4; lastKnownFileType = sourcecode.c.objc; path = SBJSON.m; sourceTree = "<group>"; };
		7089C5171401EF9300055124 /* SBJsonBase.h */ = {isa = PBXFileReference; fileEncoding = 4; lastKnownFileType = sourcecode.c.h; path = SBJsonBase.h; sourceTree = "<group>"; };
		7089C5181401EF9300055124 /* SBJsonBase.m */ = {isa = PBXFileReference; fileEncoding = 4; lastKnownFileType = sourcecode.c.objc; path = SBJsonBase.m; sourceTree = "<group>"; };
		7089C5191401EF9300055124 /* SBJsonParser.h */ = {isa = PBXFileReference; fileEncoding = 4; lastKnownFileType = sourcecode.c.h; path = SBJsonParser.h; sourceTree = "<group>"; };
		7089C51A1401EF9300055124 /* SBJsonParser.m */ = {isa = PBXFileReference; fileEncoding = 4; lastKnownFileType = sourcecode.c.objc; path = SBJsonParser.m; sourceTree = "<group>"; };
		7089C51B1401EF9300055124 /* SBJsonWriter.h */ = {isa = PBXFileReference; fileEncoding = 4; lastKnownFileType = sourcecode.c.h; path = SBJsonWriter.h; sourceTree = "<group>"; };
		7089C51C1401EF9300055124 /* SBJsonWriter.m */ = {isa = PBXFileReference; fileEncoding = 4; lastKnownFileType = sourcecode.c.objc; path = SBJsonWriter.m; sourceTree = "<group>"; };
		7089C56B1407300600055124 /* UploadFile.h */ = {isa = PBXFileReference; fileEncoding = 4; lastKnownFileType = sourcecode.c.h; path = UploadFile.h; sourceTree = "<group>"; };
		7089C56C1407300700055124 /* UploadFile.m */ = {isa = PBXFileReference; fileEncoding = 4; lastKnownFileType = sourcecode.c.objc; path = UploadFile.m; sourceTree = "<group>"; };
		7094E3D314185961002A09C5 /* HappyCampfire.framework */ = {isa = PBXFileReference; explicitFileType = wrapper.framework; includeInIndex = 0; path = HappyCampfire.framework; sourceTree = BUILT_PRODUCTS_DIR; };
		7094E3D714185961002A09C5 /* HappyCampfire-Info.plist */ = {isa = PBXFileReference; lastKnownFileType = text.plist.xml; path = "HappyCampfire-Info.plist"; sourceTree = "<group>"; };
		7094E3D914185961002A09C5 /* en */ = {isa = PBXFileReference; lastKnownFileType = text.plist.strings; name = en; path = en.lproj/InfoPlist.strings; sourceTree = "<group>"; };
		7094E3DB14185961002A09C5 /* HappyCampfire-Prefix.pch */ = {isa = PBXFileReference; lastKnownFileType = sourcecode.c.h; path = "HappyCampfire-Prefix.pch"; sourceTree = "<group>"; };
		7094E3F5141859E0002A09C5 /* libz.dylib */ = {isa = PBXFileReference; lastKnownFileType = "compiled.mach-o.dylib"; name = libz.dylib; path = usr/lib/libz.dylib; sourceTree = SDKROOT; };
		7094E3F7141859E6002A09C5 /* CoreServices.framework */ = {isa = PBXFileReference; lastKnownFileType = wrapper.framework; name = CoreServices.framework; path = System/Library/Frameworks/CoreServices.framework; sourceTree = SDKROOT; };
		7094E3F914185A07002A09C5 /* SystemConfiguration.framework */ = {isa = PBXFileReference; lastKnownFileType = wrapper.framework; name = SystemConfiguration.framework; path = System/Library/Frameworks/SystemConfiguration.framework; sourceTree = SDKROOT; };
		70EE0C9D141D7E0D0005CBBC /* HappyCampfire.m */ = {isa = PBXFileReference; fileEncoding = 4; lastKnownFileType = sourcecode.c.objc; path = HappyCampfire.m; sourceTree = "<group>"; };
/* End PBXFileReference section */

/* Begin PBXFrameworksBuildPhase section */
		7089C4941401986F00055124 /* Frameworks */ = {
			isa = PBXFrameworksBuildPhase;
			buildActionMask = 2147483647;
			files = (
				7089C4FB14019AA000055124 /* CoreServices.framework in Frameworks */,
				7089C4F914019A9600055124 /* libz.dylib in Frameworks */,
				7089C4F714019A8C00055124 /* SystemConfiguration.framework in Frameworks */,
				7089C49C1401986F00055124 /* Cocoa.framework in Frameworks */,
			);
			runOnlyForDeploymentPostprocessing = 0;
		};
		7089C4B41401986F00055124 /* Frameworks */ = {
			isa = PBXFrameworksBuildPhase;
			buildActionMask = 2147483647;
			files = (
				7089C4BA1401986F00055124 /* SenTestingKit.framework in Frameworks */,
				7089C4BB1401986F00055124 /* Cocoa.framework in Frameworks */,
			);
			runOnlyForDeploymentPostprocessing = 0;
		};
		7094E3CF14185961002A09C5 /* Frameworks */ = {
			isa = PBXFrameworksBuildPhase;
			buildActionMask = 2147483647;
			files = (
				7094E3FA14185A07002A09C5 /* SystemConfiguration.framework in Frameworks */,
				7094E3F8141859E6002A09C5 /* CoreServices.framework in Frameworks */,
				7094E3F6141859E0002A09C5 /* libz.dylib in Frameworks */,
				7094E3D414185961002A09C5 /* Cocoa.framework in Frameworks */,
			);
			runOnlyForDeploymentPostprocessing = 0;
		};
/* End PBXFrameworksBuildPhase section */

/* Begin PBXGroup section */
		7089C48C1401986F00055124 = {
			isa = PBXGroup;
			children = (
				7094E3F914185A07002A09C5 /* SystemConfiguration.framework */,
				7094E3F7141859E6002A09C5 /* CoreServices.framework */,
				7094E3F5141859E0002A09C5 /* libz.dylib */,
				7089C4FA14019AA000055124 /* CoreServices.framework */,
				7089C4F814019A9600055124 /* libz.dylib */,
				7089C4F614019A8C00055124 /* SystemConfiguration.framework */,
				7089C4A11401986F00055124 /* CampfireStreaming */,
				7089C4BE1401986F00055124 /* CampfireStreamingTests */,
				7094E3D514185961002A09C5 /* HappyCampfire */,
				7089C49A1401986F00055124 /* Frameworks */,
				7089C4981401986F00055124 /* Products */,
			);
			sourceTree = "<group>";
		};
		7089C4981401986F00055124 /* Products */ = {
			isa = PBXGroup;
			children = (
				7089C4971401986F00055124 /* CampfireStreaming.app */,
				7089C4B81401986F00055124 /* CampfireStreamingTests.octest */,
				7094E3D314185961002A09C5 /* HappyCampfire.framework */,
			);
			name = Products;
			sourceTree = "<group>";
		};
		7089C49A1401986F00055124 /* Frameworks */ = {
			isa = PBXGroup;
			children = (
				7089C49B1401986F00055124 /* Cocoa.framework */,
				7089C4B91401986F00055124 /* SenTestingKit.framework */,
				7089C49D1401986F00055124 /* Other Frameworks */,
			);
			name = Frameworks;
			sourceTree = "<group>";
		};
		7089C49D1401986F00055124 /* Other Frameworks */ = {
			isa = PBXGroup;
			children = (
				7089C49E1401986F00055124 /* AppKit.framework */,
				7089C49F1401986F00055124 /* CoreData.framework */,
				7089C4A01401986F00055124 /* Foundation.framework */,
			);
			name = "Other Frameworks";
			sourceTree = "<group>";
		};
		7089C4A11401986F00055124 /* CampfireStreaming */ = {
			isa = PBXGroup;
			children = (
				7089C50F1401EF7F00055124 /* JSON */,
				7089C4FF1401EB9300055124 /* HCRoom.h */,
				7089C5001401EB9300055124 /* HCRoom.m */,
				7089C5011401EB9300055124 /* HCMessage.h */,
				7089C5021401EB9300055124 /* HCMessage.m */,
				7089C5031401EB9300055124 /* HCUser.h */,
				7089C5041401EB9300055124 /* HCUser.m */,
				7089C4D814019A2900055124 /* ASIHTTPRequest */,
				7089C4AD1401986F00055124 /* CampfireStreamingAppDelegate.h */,
				7089C4AE1401986F00055124 /* CampfireStreamingAppDelegate.m */,
				7089C4B01401986F00055124 /* MainMenu.xib */,
				7089C4A21401986F00055124 /* Supporting Files */,
				7089C4FC1401EB3800055124 /* HappyCampfire.h */,
				70EE0C9D141D7E0D0005CBBC /* HappyCampfire.m */,
				7089C56B1407300600055124 /* UploadFile.h */,
				7089C56C1407300700055124 /* UploadFile.m */,
			);
			path = CampfireStreaming;
			sourceTree = "<group>";
		};
		7089C4A21401986F00055124 /* Supporting Files */ = {
			isa = PBXGroup;
			children = (
				7089C4A31401986F00055124 /* CampfireStreaming-Info.plist */,
				7089C4A41401986F00055124 /* InfoPlist.strings */,
				7089C4A71401986F00055124 /* main.m */,
				7089C4A91401986F00055124 /* CampfireStreaming-Prefix.pch */,
				7089C4AA1401986F00055124 /* Credits.rtf */,
			);
			name = "Supporting Files";
			sourceTree = "<group>";
		};
		7089C4BE1401986F00055124 /* CampfireStreamingTests */ = {
			isa = PBXGroup;
			children = (
				7089C4C41401986F00055124 /* CampfireStreamingTests.h */,
				7089C4C61401986F00055124 /* CampfireStreamingTests.m */,
				7089C4BF1401986F00055124 /* Supporting Files */,
			);
			path = CampfireStreamingTests;
			sourceTree = "<group>";
		};
		7089C4BF1401986F00055124 /* Supporting Files */ = {
			isa = PBXGroup;
			children = (
				7089C4C01401986F00055124 /* CampfireStreamingTests-Info.plist */,
				7089C4C11401986F00055124 /* InfoPlist.strings */,
			);
			name = "Supporting Files";
			sourceTree = "<group>";
		};
		7089C4D814019A2900055124 /* ASIHTTPRequest */ = {
			isa = PBXGroup;
			children = (
				7089C4DA14019A3E00055124 /* ASIAuthenticationDialog.h */,
				7089C4DB14019A3E00055124 /* ASIAuthenticationDialog.m */,
				7089C4DC14019A3E00055124 /* ASICacheDelegate.h */,
				7089C4DD14019A3E00055124 /* ASIDataCompressor.h */,
				7089C4DE14019A3E00055124 /* ASIDataCompressor.m */,
				7089C4DF14019A3E00055124 /* ASIDataDecompressor.h */,
				7089C4E014019A3E00055124 /* ASIDataDecompressor.m */,
				7089C4E114019A3E00055124 /* ASIDownloadCache.h */,
				7089C4E214019A3E00055124 /* ASIDownloadCache.m */,
				7089C4E314019A3E00055124 /* ASIFormDataRequest.h */,
				7089C4E414019A3E00055124 /* ASIFormDataRequest.m */,
				7089C4E514019A3E00055124 /* ASIHTTPRequest.h */,
				7089C4E614019A3E00055124 /* ASIHTTPRequest.m */,
				7089C4E714019A3E00055124 /* ASIHTTPRequestConfig.h */,
				7089C4E814019A3E00055124 /* ASIHTTPRequestDelegate.h */,
				7089C4E914019A3E00055124 /* ASIInputStream.h */,
				7089C4EA14019A3E00055124 /* ASIInputStream.m */,
				7089C4EB14019A3E00055124 /* ASINetworkQueue.h */,
				7089C4EC14019A3E00055124 /* ASINetworkQueue.m */,
				7089C4ED14019A3E00055124 /* ASIProgressDelegate.h */,
			);
			name = ASIHTTPRequest;
			sourceTree = "<group>";
		};
		7089C50F1401EF7F00055124 /* JSON */ = {
			isa = PBXGroup;
			children = (
				7089C5101401EF9300055124 /* JSON.h */,
				7089C5111401EF9300055124 /* NSObject+SBJSON.h */,
				7089C5121401EF9300055124 /* NSObject+SBJSON.m */,
				7089C5131401EF9300055124 /* NSString+SBJSON.h */,
				7089C5141401EF9300055124 /* NSString+SBJSON.m */,
				7089C5151401EF9300055124 /* SBJSON.h */,
				7089C5161401EF9300055124 /* SBJSON.m */,
				7089C5171401EF9300055124 /* SBJsonBase.h */,
				7089C5181401EF9300055124 /* SBJsonBase.m */,
				7089C5191401EF9300055124 /* SBJsonParser.h */,
				7089C51A1401EF9300055124 /* SBJsonParser.m */,
				7089C51B1401EF9300055124 /* SBJsonWriter.h */,
				7089C51C1401EF9300055124 /* SBJsonWriter.m */,
			);
			name = JSON;
			sourceTree = "<group>";
		};
		7094E3D514185961002A09C5 /* HappyCampfire */ = {
			isa = PBXGroup;
			children = (
				7094E3D614185961002A09C5 /* Supporting Files */,
			);
			path = HappyCampfire;
			sourceTree = "<group>";
		};
		7094E3D614185961002A09C5 /* Supporting Files */ = {
			isa = PBXGroup;
			children = (
				7094E3D714185961002A09C5 /* HappyCampfire-Info.plist */,
				7094E3D814185961002A09C5 /* InfoPlist.strings */,
				7094E3DB14185961002A09C5 /* HappyCampfire-Prefix.pch */,
			);
			name = "Supporting Files";
			sourceTree = "<group>";
		};
/* End PBXGroup section */

/* Begin PBXHeadersBuildPhase section */
		7094E3D014185961002A09C5 /* Headers */ = {
			isa = PBXHeadersBuildPhase;
			buildActionMask = 2147483647;
			files = (
				7094E43614186101002A09C5 /* ASIHTTPRequestDelegate.h in Headers */,
				7094E42E14185DBA002A09C5 /* HCRoom.h in Headers */,
				7094E42F14185DBA002A09C5 /* HCMessage.h in Headers */,
				7094E43014185DBA002A09C5 /* HCUser.h in Headers */,
				7094E43114185DBA002A09C5 /* HappyCampfire.h in Headers */,
				7094E43214185DBA002A09C5 /* UploadFile.h in Headers */,
			);
			runOnlyForDeploymentPostprocessing = 0;
		};
/* End PBXHeadersBuildPhase section */

/* Begin PBXNativeTarget section */
		7089C4961401986F00055124 /* CampfireStreaming */ = {
			isa = PBXNativeTarget;
			buildConfigurationList = 7089C4CA1401986F00055124 /* Build configuration list for PBXNativeTarget "CampfireStreaming" */;
			buildPhases = (
				7089C4931401986F00055124 /* Sources */,
				7089C4941401986F00055124 /* Frameworks */,
				7089C4951401986F00055124 /* Resources */,
			);
			buildRules = (
			);
			dependencies = (
			);
			name = CampfireStreaming;
			productName = CampfireStreaming;
			productReference = 7089C4971401986F00055124 /* CampfireStreaming.app */;
			productType = "com.apple.product-type.application";
		};
		7089C4B71401986F00055124 /* CampfireStreamingTests */ = {
			isa = PBXNativeTarget;
			buildConfigurationList = 7089C4CD1401986F00055124 /* Build configuration list for PBXNativeTarget "CampfireStreamingTests" */;
			buildPhases = (
				7089C4B31401986F00055124 /* Sources */,
				7089C4B41401986F00055124 /* Frameworks */,
				7089C4B51401986F00055124 /* Resources */,
				7089C4B61401986F00055124 /* ShellScript */,
			);
			buildRules = (
			);
			dependencies = (
				7089C4BD1401986F00055124 /* PBXTargetDependency */,
			);
			name = CampfireStreamingTests;
			productName = CampfireStreamingTests;
			productReference = 7089C4B81401986F00055124 /* CampfireStreamingTests.octest */;
			productType = "com.apple.product-type.bundle";
		};
		7094E3D214185961002A09C5 /* HappyCampfire */ = {
			isa = PBXNativeTarget;
			buildConfigurationList = 7094E3E114185961002A09C5 /* Build configuration list for PBXNativeTarget "HappyCampfire" */;
			buildPhases = (
				7094E3CE14185961002A09C5 /* Sources */,
				7094E3CF14185961002A09C5 /* Frameworks */,
				7094E3D014185961002A09C5 /* Headers */,
				7094E3D114185961002A09C5 /* Resources */,
			);
			buildRules = (
			);
			dependencies = (
			);
			name = HappyCampfire;
			productName = HappyCampfire;
			productReference = 7094E3D314185961002A09C5 /* HappyCampfire.framework */;
			productType = "com.apple.product-type.framework";
		};
/* End PBXNativeTarget section */

/* Begin PBXProject section */
		7089C48E1401986F00055124 /* Project object */ = {
			isa = PBXProject;
			buildConfigurationList = 7089C4911401986F00055124 /* Build configuration list for PBXProject "CampfireStreaming" */;
			compatibilityVersion = "Xcode 3.2";
			developmentRegion = English;
			hasScannedForEncodings = 0;
			knownRegions = (
				en,
			);
			mainGroup = 7089C48C1401986F00055124;
			productRefGroup = 7089C4981401986F00055124 /* Products */;
			projectDirPath = "";
			projectRoot = "";
			targets = (
				7089C4961401986F00055124 /* CampfireStreaming */,
				7089C4B71401986F00055124 /* CampfireStreamingTests */,
				7094E3D214185961002A09C5 /* HappyCampfire */,
			);
		};
/* End PBXProject section */

/* Begin PBXResourcesBuildPhase section */
		7089C4951401986F00055124 /* Resources */ = {
			isa = PBXResourcesBuildPhase;
			buildActionMask = 2147483647;
			files = (
				7089C4A61401986F00055124 /* InfoPlist.strings in Resources */,
				7089C4AC1401986F00055124 /* Credits.rtf in Resources */,
				7089C4B21401986F00055124 /* MainMenu.xib in Resources */,
			);
			runOnlyForDeploymentPostprocessing = 0;
		};
		7089C4B51401986F00055124 /* Resources */ = {
			isa = PBXResourcesBuildPhase;
			buildActionMask = 2147483647;
			files = (
				7089C4C31401986F00055124 /* InfoPlist.strings in Resources */,
				7089C4C51401986F00055124 /* CampfireStreamingTests.h in Resources */,
			);
			runOnlyForDeploymentPostprocessing = 0;
		};
		7094E3D114185961002A09C5 /* Resources */ = {
			isa = PBXResourcesBuildPhase;
			buildActionMask = 2147483647;
			files = (
				7094E3DA14185961002A09C5 /* InfoPlist.strings in Resources */,
			);
			runOnlyForDeploymentPostprocessing = 0;
		};
/* End PBXResourcesBuildPhase section */

/* Begin PBXShellScriptBuildPhase section */
		7089C4B61401986F00055124 /* ShellScript */ = {
			isa = PBXShellScriptBuildPhase;
			buildActionMask = 2147483647;
			files = (
			);
			inputPaths = (
			);
			outputPaths = (
			);
			runOnlyForDeploymentPostprocessing = 0;
			shellPath = /bin/sh;
			shellScript = "# Run the unit tests in this test bundle.\n\"${SYSTEM_DEVELOPER_DIR}/Tools/RunUnitTests\"\n";
		};
/* End PBXShellScriptBuildPhase section */

/* Begin PBXSourcesBuildPhase section */
		7089C4931401986F00055124 /* Sources */ = {
			isa = PBXSourcesBuildPhase;
			buildActionMask = 2147483647;
			files = (
				7089C4A81401986F00055124 /* main.m in Sources */,
				7089C4AF1401986F00055124 /* CampfireStreamingAppDelegate.m in Sources */,
				7089C4EF14019A3E00055124 /* ASIDataCompressor.m in Sources */,
				7089C4F014019A3E00055124 /* ASIDataDecompressor.m in Sources */,
				7089C4F114019A3E00055124 /* ASIDownloadCache.m in Sources */,
				7089C4F214019A3E00055124 /* ASIFormDataRequest.m in Sources */,
				7089C4F314019A3E00055124 /* ASIHTTPRequest.m in Sources */,
				7089C4F414019A3E00055124 /* ASIInputStream.m in Sources */,
				7089C4F514019A3E00055124 /* ASINetworkQueue.m in Sources */,
				7089C5051401EB9300055124 /* HCRoom.m in Sources */,
				7089C5061401EB9400055124 /* HCMessage.m in Sources */,
				7089C5071401EB9400055124 /* HCUser.m in Sources */,
				7089C51D1401EF9300055124 /* NSObject+SBJSON.m in Sources */,
				7089C51E1401EF9300055124 /* NSString+SBJSON.m in Sources */,
				7089C51F1401EF9300055124 /* SBJSON.m in Sources */,
				7089C5201401EF9300055124 /* SBJsonBase.m in Sources */,
				7089C5211401EF9300055124 /* SBJsonParser.m in Sources */,
				7089C5221401EF9300055124 /* SBJsonWriter.m in Sources */,
				7089C56D1407300700055124 /* UploadFile.m in Sources */,
				70EE0C9E141D7E0D0005CBBC /* HappyCampfire.m in Sources */,
			);
			runOnlyForDeploymentPostprocessing = 0;
		};
		7089C4B31401986F00055124 /* Sources */ = {
			isa = PBXSourcesBuildPhase;
			buildActionMask = 2147483647;
			files = (
				7089C4C71401986F00055124 /* CampfireStreamingTests.m in Sources */,
			);
			runOnlyForDeploymentPostprocessing = 0;
		};
		7094E3CE14185961002A09C5 /* Sources */ = {
			isa = PBXSourcesBuildPhase;
			buildActionMask = 2147483647;
			files = (
				7094E3E3141859B5002A09C5 /* NSObject+SBJSON.m in Sources */,
				7094E3E4141859B5002A09C5 /* NSString+SBJSON.m in Sources */,
				7094E3E5141859B5002A09C5 /* SBJSON.m in Sources */,
				7094E3E6141859B5002A09C5 /* SBJsonBase.m in Sources */,
				7094E3E7141859B5002A09C5 /* SBJsonParser.m in Sources */,
				7094E3E8141859B5002A09C5 /* SBJsonWriter.m in Sources */,
				7094E3E9141859B5002A09C5 /* HCRoom.m in Sources */,
				7094E3EA141859B5002A09C5 /* HCMessage.m in Sources */,
				7094E3EB141859B5002A09C5 /* HCUser.m in Sources */,
				7094E3EC141859B5002A09C5 /* ASIDataCompressor.m in Sources */,
				7094E3ED141859B5002A09C5 /* ASIDataDecompressor.m in Sources */,
				7094E3EE141859B5002A09C5 /* ASIDownloadCache.m in Sources */,
				7094E3EF141859B5002A09C5 /* ASIFormDataRequest.m in Sources */,
				7094E3F0141859B5002A09C5 /* ASIHTTPRequest.m in Sources */,
				7094E3F1141859B5002A09C5 /* ASIInputStream.m in Sources */,
				7094E3F2141859B5002A09C5 /* ASINetworkQueue.m in Sources */,
				7094E3F4141859B5002A09C5 /* UploadFile.m in Sources */,
			);
			runOnlyForDeploymentPostprocessing = 0;
		};
/* End PBXSourcesBuildPhase section */

/* Begin PBXTargetDependency section */
		7089C4BD1401986F00055124 /* PBXTargetDependency */ = {
			isa = PBXTargetDependency;
			target = 7089C4961401986F00055124 /* CampfireStreaming */;
			targetProxy = 7089C4BC1401986F00055124 /* PBXContainerItemProxy */;
		};
/* End PBXTargetDependency section */

/* Begin PBXVariantGroup section */
		7089C4A41401986F00055124 /* InfoPlist.strings */ = {
			isa = PBXVariantGroup;
			children = (
				7089C4A51401986F00055124 /* en */,
			);
			name = InfoPlist.strings;
			sourceTree = "<group>";
		};
		7089C4AA1401986F00055124 /* Credits.rtf */ = {
			isa = PBXVariantGroup;
			children = (
				7089C4AB1401986F00055124 /* en */,
			);
			name = Credits.rtf;
			sourceTree = "<group>";
		};
		7089C4B01401986F00055124 /* MainMenu.xib */ = {
			isa = PBXVariantGroup;
			children = (
				7089C4B11401986F00055124 /* en */,
			);
			name = MainMenu.xib;
			sourceTree = "<group>";
		};
		7089C4C11401986F00055124 /* InfoPlist.strings */ = {
			isa = PBXVariantGroup;
			children = (
				7089C4C21401986F00055124 /* en */,
			);
			name = InfoPlist.strings;
			sourceTree = "<group>";
		};
		7094E3D814185961002A09C5 /* InfoPlist.strings */ = {
			isa = PBXVariantGroup;
			children = (
				7094E3D914185961002A09C5 /* en */,
			);
			name = InfoPlist.strings;
			sourceTree = "<group>";
		};
/* End PBXVariantGroup section */

/* Begin XCBuildConfiguration section */
		7089C4C81401986F00055124 /* Debug */ = {
			isa = XCBuildConfiguration;
			buildSettings = {
				ALWAYS_SEARCH_USER_PATHS = NO;
				ARCHS = "$(ARCHS_STANDARD_64_BIT)";
				COPY_PHASE_STRIP = NO;
				GCC_C_LANGUAGE_STANDARD = gnu99;
				GCC_DYNAMIC_NO_PIC = NO;
				GCC_ENABLE_OBJC_EXCEPTIONS = YES;
				GCC_OPTIMIZATION_LEVEL = 0;
				GCC_PREPROCESSOR_DEFINITIONS = (
					"DEBUG=1",
					"$(inherited)",
				);
				GCC_SYMBOLS_PRIVATE_EXTERN = NO;
				GCC_VERSION = com.apple.compilers.llvm.clang.1_0;
				GCC_WARN_64_TO_32_BIT_CONVERSION = YES;
				GCC_WARN_ABOUT_MISSING_PROTOTYPES = YES;
				GCC_WARN_ABOUT_RETURN_TYPE = YES;
				GCC_WARN_UNUSED_VARIABLE = YES;
				MACOSX_DEPLOYMENT_TARGET = 10.7;
				ONLY_ACTIVE_ARCH = YES;
				SDKROOT = macosx;
			};
			name = Debug;
		};
		7089C4C91401986F00055124 /* Release */ = {
			isa = XCBuildConfiguration;
			buildSettings = {
				ALWAYS_SEARCH_USER_PATHS = NO;
				ARCHS = "$(ARCHS_STANDARD_64_BIT)";
				COPY_PHASE_STRIP = YES;
				DEBUG_INFORMATION_FORMAT = "dwarf-with-dsym";
				GCC_C_LANGUAGE_STANDARD = gnu99;
				GCC_ENABLE_OBJC_EXCEPTIONS = YES;
				GCC_VERSION = com.apple.compilers.llvm.clang.1_0;
				GCC_WARN_64_TO_32_BIT_CONVERSION = YES;
				GCC_WARN_ABOUT_MISSING_PROTOTYPES = YES;
				GCC_WARN_ABOUT_RETURN_TYPE = YES;
				GCC_WARN_UNUSED_VARIABLE = YES;
				MACOSX_DEPLOYMENT_TARGET = 10.7;
				SDKROOT = macosx;
			};
			name = Release;
		};
		7089C4CB1401986F00055124 /* Debug */ = {
			isa = XCBuildConfiguration;
			buildSettings = {
				GCC_PRECOMPILE_PREFIX_HEADER = YES;
				GCC_PREFIX_HEADER = "CampfireStreaming/CampfireStreaming-Prefix.pch";
				INFOPLIST_FILE = "CampfireStreaming/CampfireStreaming-Info.plist";
				PRODUCT_NAME = "$(TARGET_NAME)";
				WRAPPER_EXTENSION = app;
			};
			name = Debug;
		};
		7089C4CC1401986F00055124 /* Release */ = {
			isa = XCBuildConfiguration;
			buildSettings = {
				GCC_PRECOMPILE_PREFIX_HEADER = YES;
				GCC_PREFIX_HEADER = "CampfireStreaming/CampfireStreaming-Prefix.pch";
				INFOPLIST_FILE = "CampfireStreaming/CampfireStreaming-Info.plist";
				PRODUCT_NAME = "$(TARGET_NAME)";
				WRAPPER_EXTENSION = app;
			};
			name = Release;
		};
		7089C4CE1401986F00055124 /* Debug */ = {
			isa = XCBuildConfiguration;
			buildSettings = {
				BUNDLE_LOADER = "$(BUILT_PRODUCTS_DIR)/CampfireStreaming.app/Contents/MacOS/CampfireStreaming";
				FRAMEWORK_SEARCH_PATHS = "$(DEVELOPER_LIBRARY_DIR)/Frameworks";
				GCC_PRECOMPILE_PREFIX_HEADER = YES;
				GCC_PREFIX_HEADER = "CampfireStreaming/CampfireStreaming-Prefix.pch";
				INFOPLIST_FILE = "CampfireStreamingTests/CampfireStreamingTests-Info.plist";
				PRODUCT_NAME = "$(TARGET_NAME)";
				TEST_HOST = "$(BUNDLE_LOADER)";
				WRAPPER_EXTENSION = octest;
			};
			name = Debug;
		};
		7089C4CF1401986F00055124 /* Release */ = {
			isa = XCBuildConfiguration;
			buildSettings = {
				BUNDLE_LOADER = "$(BUILT_PRODUCTS_DIR)/CampfireStreaming.app/Contents/MacOS/CampfireStreaming";
				FRAMEWORK_SEARCH_PATHS = "$(DEVELOPER_LIBRARY_DIR)/Frameworks";
				GCC_PRECOMPILE_PREFIX_HEADER = YES;
				GCC_PREFIX_HEADER = "CampfireStreaming/CampfireStreaming-Prefix.pch";
				INFOPLIST_FILE = "CampfireStreamingTests/CampfireStreamingTests-Info.plist";
				PRODUCT_NAME = "$(TARGET_NAME)";
				TEST_HOST = "$(BUNDLE_LOADER)";
				WRAPPER_EXTENSION = octest;
			};
			name = Release;
		};
		7094E3DF14185961002A09C5 /* Debug */ = {
			isa = XCBuildConfiguration;
			buildSettings = {
				DYLIB_COMPATIBILITY_VERSION = 1;
				DYLIB_CURRENT_VERSION = 1;
				FRAMEWORK_VERSION = A;
				GCC_PRECOMPILE_PREFIX_HEADER = YES;
				GCC_PREFIX_HEADER = "HappyCampfire/HappyCampfire-Prefix.pch";
				INFOPLIST_FILE = "HappyCampfire/HappyCampfire-Info.plist";
				LD_DYLIB_INSTALL_NAME = "@executable_path/../Resources/$(EXECUTABLE_PATH)";
				PRODUCT_NAME = "$(TARGET_NAME)";
				WRAPPER_EXTENSION = framework;
			};
			name = Debug;
		};
		7094E3E014185961002A09C5 /* Release */ = {
			isa = XCBuildConfiguration;
			buildSettings = {
				DYLIB_COMPATIBILITY_VERSION = 1;
				DYLIB_CURRENT_VERSION = 1;
				FRAMEWORK_VERSION = A;
				GCC_PRECOMPILE_PREFIX_HEADER = YES;
				GCC_PREFIX_HEADER = "HappyCampfire/HappyCampfire-Prefix.pch";
				INFOPLIST_FILE = "HappyCampfire/HappyCampfire-Info.plist";
				LD_DYLIB_INSTALL_NAME = "@executable_path/../Resources/$(EXECUTABLE_PATH)";
				PRODUCT_NAME = "$(TARGET_NAME)";
				WRAPPER_EXTENSION = framework;
			};
			name = Release;
		};
/* End XCBuildConfiguration section */

/* Begin XCConfigurationList section */
		7089C4911401986F00055124 /* Build configuration list for PBXProject "CampfireStreaming" */ = {
			isa = XCConfigurationList;
			buildConfigurations = (
				7089C4C81401986F00055124 /* Debug */,
				7089C4C91401986F00055124 /* Release */,
			);
			defaultConfigurationIsVisible = 0;
			defaultConfigurationName = Release;
		};
		7089C4CA1401986F00055124 /* Build configuration list for PBXNativeTarget "CampfireStreaming" */ = {
			isa = XCConfigurationList;
			buildConfigurations = (
				7089C4CB1401986F00055124 /* Debug */,
				7089C4CC1401986F00055124 /* Release */,
			);
			defaultConfigurationIsVisible = 0;
			defaultConfigurationName = Release;
		};
		7089C4CD1401986F00055124 /* Build configuration list for PBXNativeTarget "CampfireStreamingTests" */ = {
			isa = XCConfigurationList;
			buildConfigurations = (
				7089C4CE1401986F00055124 /* Debug */,
				7089C4CF1401986F00055124 /* Release */,
			);
			defaultConfigurationIsVisible = 0;
			defaultConfigurationName = Release;
		};
		7094E3E114185961002A09C5 /* Build configuration list for PBXNativeTarget "HappyCampfire" */ = {
			isa = XCConfigurationList;
			buildConfigurations = (
				7094E3DF14185961002A09C5 /* Debug */,
				7094E3E014185961002A09C5 /* Release */,
			);
			defaultConfigurationIsVisible = 0;
			defaultConfigurationName = Release;
		};
/* End XCConfigurationList section */
	};
	rootObject = 7089C48E1401986F00055124 /* Project object */;
}
